// !$*UTF8*$!
{
	archiveVersion = 1;
	classes = {
	};
	objectVersion = 48;
	objects = {

/* Begin PBXBuildFile section */
		6073F28E2094EB3100FB2793 /* ComprasTableViewController.swift in Sources */ = {isa = PBXBuildFile; fileRef = 6073F28D2094EB3100FB2793 /* ComprasTableViewController.swift */; };
		6073F2912094F24500FB2793 /* AjustesTableViewCell.swift in Sources */ = {isa = PBXBuildFile; fileRef = 6073F2902094F24500FB2793 /* AjustesTableViewCell.swift */; };
		6073F2932094FB4300FB2793 /* UIViewController+CoreData.swift in Sources */ = {isa = PBXBuildFile; fileRef = 6073F2922094FB4300FB2793 /* UIViewController+CoreData.swift */; };
		AC77F866208E96F400A419D7 /* AppDelegate.swift in Sources */ = {isa = PBXBuildFile; fileRef = AC77F865208E96F400A419D7 /* AppDelegate.swift */; };
		AC77F868208E96F400A419D7 /* ViewController.swift in Sources */ = {isa = PBXBuildFile; fileRef = AC77F867208E96F400A419D7 /* ViewController.swift */; };
		AC77F86B208E96F400A419D7 /* Main.storyboard in Resources */ = {isa = PBXBuildFile; fileRef = AC77F869208E96F400A419D7 /* Main.storyboard */; };
		AC77F86E208E96F400A419D7 /* ComprasUSA.xcdatamodeld in Sources */ = {isa = PBXBuildFile; fileRef = AC77F86C208E96F400A419D7 /* ComprasUSA.xcdatamodeld */; };
		AC77F870208E96F400A419D7 /* Assets.xcassets in Resources */ = {isa = PBXBuildFile; fileRef = AC77F86F208E96F400A419D7 /* Assets.xcassets */; };
		AC77F873208E96F400A419D7 /* LaunchScreen.storyboard in Resources */ = {isa = PBXBuildFile; fileRef = AC77F871208E96F400A419D7 /* LaunchScreen.storyboard */; };
		AC77F87B208EBCBF00A419D7 /* CadastrarViewController.swift in Sources */ = {isa = PBXBuildFile; fileRef = AC77F87A208EBCBF00A419D7 /* CadastrarViewController.swift */; };
		AC77F87D208EBDB400A419D7 /* AjustesViewController.swift in Sources */ = {isa = PBXBuildFile; fileRef = AC77F87C208EBDB400A419D7 /* AjustesViewController.swift */; };
		AC77F87F208EBDF700A419D7 /* TotalViewController.swift in Sources */ = {isa = PBXBuildFile; fileRef = AC77F87E208EBDF700A419D7 /* TotalViewController.swift */; };
/* End PBXBuildFile section */

/* Begin PBXFileReference section */
		6073F28D2094EB3100FB2793 /* ComprasTableViewController.swift */ = {isa = PBXFileReference; lastKnownFileType = sourcecode.swift; path = ComprasTableViewController.swift; sourceTree = "<group>"; };
		6073F2902094F24500FB2793 /* AjustesTableViewCell.swift */ = {isa = PBXFileReference; lastKnownFileType = sourcecode.swift; path = AjustesTableViewCell.swift; sourceTree = "<group>"; };
		6073F2922094FB4300FB2793 /* UIViewController+CoreData.swift */ = {isa = PBXFileReference; lastKnownFileType = sourcecode.swift; path = "UIViewController+CoreData.swift"; sourceTree = "<group>"; };
		AC77F862208E96F400A419D7 /* ComprasUSA.app */ = {isa = PBXFileReference; explicitFileType = wrapper.application; includeInIndex = 0; path = ComprasUSA.app; sourceTree = BUILT_PRODUCTS_DIR; };
		AC77F865208E96F400A419D7 /* AppDelegate.swift */ = {isa = PBXFileReference; lastKnownFileType = sourcecode.swift; path = AppDelegate.swift; sourceTree = "<group>"; };
		AC77F867208E96F400A419D7 /* ViewController.swift */ = {isa = PBXFileReference; lastKnownFileType = sourcecode.swift; path = ViewController.swift; sourceTree = "<group>"; };
		AC77F86A208E96F400A419D7 /* Base */ = {isa = PBXFileReference; lastKnownFileType = file.storyboard; name = Base; path = Base.lproj/Main.storyboard; sourceTree = "<group>"; };
		AC77F86D208E96F400A419D7 /* ComprasUSA.xcdatamodel */ = {isa = PBXFileReference; lastKnownFileType = wrapper.xcdatamodel; path = ComprasUSA.xcdatamodel; sourceTree = "<group>"; };
		AC77F86F208E96F400A419D7 /* Assets.xcassets */ = {isa = PBXFileReference; lastKnownFileType = folder.assetcatalog; path = Assets.xcassets; sourceTree = "<group>"; };
		AC77F872208E96F400A419D7 /* Base */ = {isa = PBXFileReference; lastKnownFileType = file.storyboard; name = Base; path = Base.lproj/LaunchScreen.storyboard; sourceTree = "<group>"; };
		AC77F874208E96F400A419D7 /* Info.plist */ = {isa = PBXFileReference; lastKnownFileType = text.plist.xml; path = Info.plist; sourceTree = "<group>"; };
		AC77F87A208EBCBF00A419D7 /* CadastrarViewController.swift */ = {isa = PBXFileReference; lastKnownFileType = sourcecode.swift; path = CadastrarViewController.swift; sourceTree = "<group>"; };
		AC77F87C208EBDB400A419D7 /* AjustesViewController.swift */ = {isa = PBXFileReference; lastKnownFileType = sourcecode.swift; path = AjustesViewController.swift; sourceTree = "<group>"; };
		AC77F87E208EBDF700A419D7 /* TotalViewController.swift */ = {isa = PBXFileReference; lastKnownFileType = sourcecode.swift; path = TotalViewController.swift; sourceTree = "<group>"; };
/* End PBXFileReference section */

/* Begin PBXFrameworksBuildPhase section */
		AC77F85F208E96F400A419D7 /* Frameworks */ = {
			isa = PBXFrameworksBuildPhase;
			buildActionMask = 2147483647;
			files = (
			);
			runOnlyForDeploymentPostprocessing = 0;
		};
/* End PBXFrameworksBuildPhase section */

/* Begin PBXGroup section */
		6073F28F2094F20000FB2793 /* Ajustes */ = {
			isa = PBXGroup;
			children = (
				AC77F87C208EBDB400A419D7 /* AjustesViewController.swift */,
				6073F2902094F24500FB2793 /* AjustesTableViewCell.swift */,
			);
			name = Ajustes;
			sourceTree = "<group>";
		};
		6073F294209531D400FB2793 /* Compras */ = {
			isa = PBXGroup;
			children = (
				6073F28D2094EB3100FB2793 /* ComprasTableViewController.swift */,
				AC77F87A208EBCBF00A419D7 /* CadastrarViewController.swift */,
			);
			path = Compras;
			sourceTree = "<group>";
		};
		AC77F859208E96F400A419D7 = {
			isa = PBXGroup;
			children = (
				AC77F864208E96F400A419D7 /* ComprasUSA */,
				AC77F863208E96F400A419D7 /* Products */,
			);
			sourceTree = "<group>";
		};
		AC77F863208E96F400A419D7 /* Products */ = {
			isa = PBXGroup;
			children = (
				AC77F862208E96F400A419D7 /* ComprasUSA.app */,
			);
			name = Products;
			sourceTree = "<group>";
		};
		AC77F864208E96F400A419D7 /* ComprasUSA */ = {
			isa = PBXGroup;
			children = (
				6073F294209531D400FB2793 /* Compras */,
				6073F28F2094F20000FB2793 /* Ajustes */,
				AC77F865208E96F400A419D7 /* AppDelegate.swift */,
				AC77F867208E96F400A419D7 /* ViewController.swift */,
				AC77F869208E96F400A419D7 /* Main.storyboard */,
				AC77F87E208EBDF700A419D7 /* TotalViewController.swift */,
				AC77F86F208E96F400A419D7 /* Assets.xcassets */,
				AC77F871208E96F400A419D7 /* LaunchScreen.storyboard */,
				AC77F874208E96F400A419D7 /* Info.plist */,
				AC77F86C208E96F400A419D7 /* ComprasUSA.xcdatamodeld */,
				6073F2922094FB4300FB2793 /* UIViewController+CoreData.swift */,
			);
			path = ComprasUSA;
			sourceTree = "<group>";
		};
/* End PBXGroup section */

/* Begin PBXNativeTarget section */
		AC77F861208E96F400A419D7 /* ComprasUSA */ = {
			isa = PBXNativeTarget;
			buildConfigurationList = AC77F877208E96F400A419D7 /* Build configuration list for PBXNativeTarget "ComprasUSA" */;
			buildPhases = (
				AC77F85E208E96F400A419D7 /* Sources */,
				AC77F85F208E96F400A419D7 /* Frameworks */,
				AC77F860208E96F400A419D7 /* Resources */,
			);
			buildRules = (
			);
			dependencies = (
			);
			name = ComprasUSA;
			productName = ComprasUSA;
			productReference = AC77F862208E96F400A419D7 /* ComprasUSA.app */;
			productType = "com.apple.product-type.application";
		};
/* End PBXNativeTarget section */

/* Begin PBXProject section */
		AC77F85A208E96F400A419D7 /* Project object */ = {
			isa = PBXProject;
			attributes = {
				LastSwiftUpdateCheck = 0920;
				LastUpgradeCheck = 0930;
				ORGANIZATIONNAME = Philip;
				TargetAttributes = {
					AC77F861208E96F400A419D7 = {
						CreatedOnToolsVersion = 9.2;
						ProvisioningStyle = Automatic;
					};
				};
			};
			buildConfigurationList = AC77F85D208E96F400A419D7 /* Build configuration list for PBXProject "ComprasUSA" */;
			compatibilityVersion = "Xcode 8.0";
			developmentRegion = en;
			hasScannedForEncodings = 0;
			knownRegions = (
				en,
				Base,
			);
			mainGroup = AC77F859208E96F400A419D7;
			productRefGroup = AC77F863208E96F400A419D7 /* Products */;
			projectDirPath = "";
			projectRoot = "";
			targets = (
				AC77F861208E96F400A419D7 /* ComprasUSA */,
			);
		};
/* End PBXProject section */

/* Begin PBXResourcesBuildPhase section */
		AC77F860208E96F400A419D7 /* Resources */ = {
			isa = PBXResourcesBuildPhase;
			buildActionMask = 2147483647;
			files = (
				AC77F873208E96F400A419D7 /* LaunchScreen.storyboard in Resources */,
				AC77F870208E96F400A419D7 /* Assets.xcassets in Resources */,
				AC77F86B208E96F400A419D7 /* Main.storyboard in Resources */,
			);
			runOnlyForDeploymentPostprocessing = 0;
		};
/* End PBXResourcesBuildPhase section */

/* Begin PBXSourcesBuildPhase section */
		AC77F85E208E96F400A419D7 /* Sources */ = {
			isa = PBXSourcesBuildPhase;
			buildActionMask = 2147483647;
			files = (
				AC77F87B208EBCBF00A419D7 /* CadastrarViewController.swift in Sources */,
				AC77F87D208EBDB400A419D7 /* AjustesViewController.swift in Sources */,
				AC77F868208E96F400A419D7 /* ViewController.swift in Sources */,
				6073F2932094FB4300FB2793 /* UIViewController+CoreData.swift in Sources */,
				6073F28E2094EB3100FB2793 /* ComprasTableViewController.swift in Sources */,
				AC77F86E208E96F400A419D7 /* ComprasUSA.xcdatamodeld in Sources */,
				AC77F866208E96F400A419D7 /* AppDelegate.swift in Sources */,
				AC77F87F208EBDF700A419D7 /* TotalViewController.swift in Sources */,
				6073F2912094F24500FB2793 /* AjustesTableViewCell.swift in Sources */,
			);
			runOnlyForDeploymentPostprocessing = 0;
		};
/* End PBXSourcesBuildPhase section */

/* Begin PBXVariantGroup section */
		AC77F869208E96F400A419D7 /* Main.storyboard */ = {
			isa = PBXVariantGroup;
			children = (
				AC77F86A208E96F400A419D7 /* Base */,
			);
			name = Main.storyboard;
			sourceTree = "<group>";
		};
		AC77F871208E96F400A419D7 /* LaunchScreen.storyboard */ = {
			isa = PBXVariantGroup;
			children = (
				AC77F872208E96F400A419D7 /* Base */,
			);
			name = LaunchScreen.storyboard;
			sourceTree = "<group>";
		};
/* End PBXVariantGroup section */

/* Begin XCBuildConfiguration section */
		AC77F875208E96F400A419D7 /* Debug */ = {
			isa = XCBuildConfiguration;
			buildSettings = {
				ALWAYS_SEARCH_USER_PATHS = NO;
				CLANG_ANALYZER_NONNULL = YES;
				CLANG_ANALYZER_NUMBER_OBJECT_CONVERSION = YES_AGGRESSIVE;
				CLANG_CXX_LANGUAGE_STANDARD = "gnu++14";
				CLANG_CXX_LIBRARY = "libc++";
				CLANG_ENABLE_MODULES = YES;
				CLANG_ENABLE_OBJC_ARC = YES;
				CLANG_WARN_BLOCK_CAPTURE_AUTORELEASING = YES;
				CLANG_WARN_BOOL_CONVERSION = YES;
				CLANG_WARN_COMMA = YES;
				CLANG_WARN_CONSTANT_CONVERSION = YES;
				CLANG_WARN_DEPRECATED_OBJC_IMPLEMENTATIONS = YES;
				CLANG_WARN_DIRECT_OBJC_ISA_USAGE = YES_ERROR;
				CLANG_WARN_DOCUMENTATION_COMMENTS = YES;
				CLANG_WARN_EMPTY_BODY = YES;
				CLANG_WARN_ENUM_CONVERSION = YES;
				CLANG_WARN_INFINITE_RECURSION = YES;
				CLANG_WARN_INT_CONVERSION = YES;
				CLANG_WARN_NON_LITERAL_NULL_CONVERSION = YES;
				CLANG_WARN_OBJC_IMPLICIT_RETAIN_SELF = YES;
				CLANG_WARN_OBJC_LITERAL_CONVERSION = YES;
				CLANG_WARN_OBJC_ROOT_CLASS = YES_ERROR;
				CLANG_WARN_RANGE_LOOP_ANALYSIS = YES;
				CLANG_WARN_STRICT_PROTOTYPES = YES;
				CLANG_WARN_SUSPICIOUS_MOVE = YES;
				CLANG_WARN_UNGUARDED_AVAILABILITY = YES_AGGRESSIVE;
				CLANG_WARN_UNREACHABLE_CODE = YES;
				CLANG_WARN__DUPLICATE_METHOD_MATCH = YES;
				CODE_SIGN_IDENTITY = "iPhone Developer";
				COPY_PHASE_STRIP = NO;
				DEBUG_INFORMATION_FORMAT = dwarf;
				ENABLE_STRICT_OBJC_MSGSEND = YES;
				ENABLE_TESTABILITY = YES;
				GCC_C_LANGUAGE_STANDARD = gnu11;
				GCC_DYNAMIC_NO_PIC = NO;
				GCC_NO_COMMON_BLOCKS = YES;
				GCC_OPTIMIZATION_LEVEL = 0;
				GCC_PREPROCESSOR_DEFINITIONS = (
					"DEBUG=1",
					"$(inherited)",
				);
				GCC_WARN_64_TO_32_BIT_CONVERSION = YES;
				GCC_WARN_ABOUT_RETURN_TYPE = YES_ERROR;
				GCC_WARN_UNDECLARED_SELECTOR = YES;
				GCC_WARN_UNINITIALIZED_AUTOS = YES_AGGRESSIVE;
				GCC_WARN_UNUSED_FUNCTION = YES;
				GCC_WARN_UNUSED_VARIABLE = YES;
				IPHONEOS_DEPLOYMENT_TARGET = 11.2;
				MTL_ENABLE_DEBUG_INFO = YES;
				ONLY_ACTIVE_ARCH = YES;
				SDKROOT = iphoneos;
				SWIFT_ACTIVE_COMPILATION_CONDITIONS = DEBUG;
				SWIFT_OPTIMIZATION_LEVEL = "-Onone";
			};
			name = Debug;
		};
		AC77F876208E96F400A419D7 /* Release */ = {
			isa = XCBuildConfiguration;
			buildSettings = {
				ALWAYS_SEARCH_USER_PATHS = NO;
				CLANG_ANALYZER_NONNULL = YES;
				CLANG_ANALYZER_NUMBER_OBJECT_CONVERSION = YES_AGGRESSIVE;
				CLANG_CXX_LANGUAGE_STANDARD = "gnu++14";
				CLANG_CXX_LIBRARY = "libc++";
				CLANG_ENABLE_MODULES = YES;
				CLANG_ENABLE_OBJC_ARC = YES;
				CLANG_WARN_BLOCK_CAPTURE_AUTORELEASING = YES;
				CLANG_WARN_BOOL_CONVERSION = YES;
				CLANG_WARN_COMMA = YES;
				CLANG_WARN_CONSTANT_CONVERSION = YES;
				CLANG_WARN_DEPRECATED_OBJC_IMPLEMENTATIONS = YES;
				CLANG_WARN_DIRECT_OBJC_ISA_USAGE = YES_ERROR;
				CLANG_WARN_DOCUMENTATION_COMMENTS = YES;
				CLANG_WARN_EMPTY_BODY = YES;
				CLANG_WARN_ENUM_CONVERSION = YES;
				CLANG_WARN_INFINITE_RECURSION = YES;
				CLANG_WARN_INT_CONVERSION = YES;
				CLANG_WARN_NON_LITERAL_NULL_CONVERSION = YES;
				CLANG_WARN_OBJC_IMPLICIT_RETAIN_SELF = YES;
				CLANG_WARN_OBJC_LITERAL_CONVERSION = YES;
				CLANG_WARN_OBJC_ROOT_CLASS = YES_ERROR;
				CLANG_WARN_RANGE_LOOP_ANALYSIS = YES;
				CLANG_WARN_STRICT_PROTOTYPES = YES;
				CLANG_WARN_SUSPICIOUS_MOVE = YES;
				CLANG_WARN_UNGUARDED_AVAILABILITY = YES_AGGRESSIVE;
				CLANG_WARN_UNREACHABLE_CODE = YES;
				CLANG_WARN__DUPLICATE_METHOD_MATCH = YES;
				CODE_SIGN_IDENTITY = "iPhone Developer";
				COPY_PHASE_STRIP = NO;
				DEBUG_INFORMATION_FORMAT = "dwarf-with-dsym";
				ENABLE_NS_ASSERTIONS = NO;
				ENABLE_STRICT_OBJC_MSGSEND = YES;
				GCC_C_LANGUAGE_STANDARD = gnu11;
				GCC_NO_COMMON_BLOCKS = YES;
				GCC_WARN_64_TO_32_BIT_CONVERSION = YES;
				GCC_WARN_ABOUT_RETURN_TYPE = YES_ERROR;
				GCC_WARN_UNDECLARED_SELECTOR = YES;
				GCC_WARN_UNINITIALIZED_AUTOS = YES_AGGRESSIVE;
				GCC_WARN_UNUSED_FUNCTION = YES;
				GCC_WARN_UNUSED_VARIABLE = YES;
				IPHONEOS_DEPLOYMENT_TARGET = 11.2;
				MTL_ENABLE_DEBUG_INFO = NO;
				SDKROOT = iphoneos;
				SWIFT_OPTIMIZATION_LEVEL = "-Owholemodule";
				VALIDATE_PRODUCT = YES;
			};
			name = Release;
		};
		AC77F878208E96F400A419D7 /* Debug */ = {
			isa = XCBuildConfiguration;
			buildSettings = {
				ASSETCATALOG_COMPILER_APPICON_NAME = AppIcon;
				CODE_SIGN_STYLE = Automatic;
				INFOPLIST_FILE = ComprasUSA/Info.plist;
				LD_RUNPATH_SEARCH_PATHS = "$(inherited) @executable_path/Frameworks";
				PRODUCT_BUNDLE_IDENTIFIER = com.philip.ComprasUSA;
				PRODUCT_NAME = "$(TARGET_NAME)";
				SWIFT_VERSION = 4.0;
				TARGETED_DEVICE_FAMILY = "1,2";
			};
			name = Debug;
		};
		AC77F879208E96F400A419D7 /* Release */ = {
			isa = XCBuildConfiguration;
			buildSettings = {
				ASSETCATALOG_COMPILER_APPICON_NAME = AppIcon;
				CODE_SIGN_STYLE = Automatic;
				INFOPLIST_FILE = ComprasUSA/Info.plist;
				LD_RUNPATH_SEARCH_PATHS = "$(inherited) @executable_path/Frameworks";
				PRODUCT_BUNDLE_IDENTIFIER = com.philip.ComprasUSA;
				PRODUCT_NAME = "$(TARGET_NAME)";
				SWIFT_VERSION = 4.0;
				TARGETED_DEVICE_FAMILY = "1,2";
			};
			name = Release;
		};
/* End XCBuildConfiguration section */

/* Begin XCConfigurationList section */
		AC77F85D208E96F400A419D7 /* Build configuration list for PBXProject "ComprasUSA" */ = {
			isa = XCConfigurationList;
			buildConfigurations = (
				AC77F875208E96F400A419D7 /* Debug */,
				AC77F876208E96F400A419D7 /* Release */,
			);
			defaultConfigurationIsVisible = 0;
			defaultConfigurationName = Release;
		};
		AC77F877208E96F400A419D7 /* Build configuration list for PBXNativeTarget "ComprasUSA" */ = {
			isa = XCConfigurationList;
			buildConfigurations = (
				AC77F878208E96F400A419D7 /* Debug */,
				AC77F879208E96F400A419D7 /* Release */,
			);
			defaultConfigurationIsVisible = 0;
			defaultConfigurationName = Release;
		};
/* End XCConfigurationList section */

/* Begin XCVersionGroup section */
		AC77F86C208E96F400A419D7 /* ComprasUSA.xcdatamodeld */ = {
			isa = XCVersionGroup;
			children = (
				AC77F86D208E96F400A419D7 /* ComprasUSA.xcdatamodel */,
			);
			currentVersion = AC77F86D208E96F400A419D7 /* ComprasUSA.xcdatamodel */;
			path = ComprasUSA.xcdatamodeld;
			sourceTree = "<group>";
			versionGroupType = wrapper.xcdatamodel;
		};
/* End XCVersionGroup section */
	};
	rootObject = AC77F85A208E96F400A419D7 /* Project object */;
}
